{
    "_meta": {
        "hash": {
            "sha256": "bb268dfed2977445e5c529abf4238d2432e1e6a5a3acd7b46fa506ccac9c3011"
        },
        "pipfile-spec": 6,
        "requires": {
            "python_version": "3.5"
        },
        "sources": [
            {
                "name": "pypi",
                "url": "https://pypi.org/simple",
                "verify_ssl": true
            }
        ]
    },
    "default": {
        "django": {
            "hashes": [
                "sha256:1ffab268ada3d5684c05ba7ce776eaeedef360712358d6a6b340ae9f16486916",
                "sha256:dd46d87af4c1bf54f4c926c3cfa41dc2b5c15782f15e4329752ce65f5dad1c37"
            ],
            "index": "pypi",
            "version": "==2.1.3"
        },
        "django-dotenv": {
            "hashes": [
                "sha256:3812bb0f4876cf31f902aad140f0645e120e51ee30eb7c40c22050f58a0e4adb",
                "sha256:a9b1b40a70bd321acd231926acedb9bd2c5e873e33a1873b34a7276d196a765e"
            ],
            "index": "pypi",
            "version": "==1.4.2"
        },
        "django-filter": {
            "hashes": [
                "sha256:6f4e4bc1a11151178520567b50320e5c32f8edb552139d93ea3e30613b886f56",
                "sha256:86c3925020c27d072cdae7b828aaa5d165c2032a629abbe3c3a1be1edae61c58"
            ],
            "index": "pypi",
            "version": "==2.0.0"
        },
        "djangorestframework": {
            "hashes": [
                "sha256:607865b0bb1598b153793892101d881466bd5a991de12bd6229abb18b1c86136",
                "sha256:63f76cbe1e7d12b94c357d7e54401103b2e52aef0f7c1650d6c820ad708776e5"
            ],
            "index": "pypi",
            "version": "==3.9.0"
        },
        "psycopg2": {
            "hashes": [
                "sha256:03e22041bee0611408e6aad49f1bcf4406faeacffdbdc63a0f82cb7bdc5c8326",
                "sha256:064404626947717dd342d5ed7a10affe64154a9a637cb22d502d84fcb39b40a2",
                "sha256:07749db03fa21de99329750675dfd81b9eeed99139a6753485092d84f8371aee",
                "sha256:165da83922b6fc3b027db2aba8bb444bee49af32f95b062e1523c76f605294e9",
                "sha256:255a77a914b7d080359238a99371f23dd77489901cfec718448fa605f5b8dbe8",
                "sha256:27c88e8fcbea1dc3777c676a21b3e6878da2b00624cb62b7f16e85fc27ce4ce5",
                "sha256:28d6f1f400f8d1a4a191116943030e7558c6f51d34b9a4d06581e5d84d0eb75b",
                "sha256:3138f11fccd6e1dc5b357af0d4f5016ed47d5f0ec81a4fb0f82ad8ddd460e903",
                "sha256:49b96b8ef11e0f2016189ba208b5c63495c9b6ac89697eb3db97f40673d8ec65",
                "sha256:4a0d29c44316e57cea3368ca1fd9dbfd82b3973aec77dcb610e487c5632418bc",
                "sha256:4a658550b0bcb259e97f77f2dc93ed6b108fe2eda963a9e6fc8b48040d542ec2",
                "sha256:520cf9576c6b8b45117b6367a155c27668f22860bcc34cbc77e0e52f51ded7c2",
                "sha256:5bc0dc64fb26892b42653dea934f7c0b70361325647e7775528e40813b2c5f4e",
                "sha256:65c123366e35e9068b9c39b6aac27e198d84c9a41bb17fa1ae8d042e0b50f04d",
                "sha256:6c7e4cbc75aac67c32a6e778e215a30b8318371cdc59d7d10550296f11190fcb",
                "sha256:784475327650967505cf92977f51c73b5e908c3e0f79e08a892fdbc10718baf8",
                "sha256:7995bd16a61b31e922bfe3b18be24dfb63c81ec197a46c2504c45e3c5187c6e6",
                "sha256:83890c9ea4e9ae032e298e2ba269660544fc73561431985d38268b3664ad4ef7",
                "sha256:9501dc8412eb8b2881149d8af74a347f4d6ce85d03513be27fd56c3c066bd9dc",
                "sha256:9eea6c03534aebb157a8ced5df70ba0f277d3b936d708c1654d7236e5e20edda",
                "sha256:a32acdd8675e105676f5cf7b0706e2a404ddb6a2f2b8aada7646ed2df981fef6",
                "sha256:bf4090882bb0bfad11033b2c262c47a9ba1cdb145981d94b873a46df69b53cb4",
                "sha256:ca0cf5a443e4d0bb381d5a523fd4f155cb7414ac4c450e7b901cb04e5f59d5ed",
                "sha256:ce503de4a77870dce37365d3fc224c41409f2bf1ee576159430835af4fde1d86",
                "sha256:db48d28badfdd7ea62d71e8420749e66461732fa574063b4f1a1162c3d015049",
                "sha256:db97bc920901745d665ccdcb4c672bf209ad13db5d19d5a1f6110b3785f1bebf",
                "sha256:ed15e97b8fb6ffc791fe12c8050a0c8d84bdf48d436b8c462db3aa1766b236de",
                "sha256:fc73255af56a4bf6151cd516ebd6ac1eabb922c5e44d5b8859c0ca696ba88da7",
                "sha256:fe3471a0bd29595e59a4422ee332bf09ca7e15b1e6800f1b640d1c09c03ef19c",
                "sha256:ff158aed5220b54461019b636a56a85b2af32670804a27f7298dae4bd715902f"
            ],
            "index": "pypi",
            "version": "==2.7.6"
        },
        "pytz": {
            "hashes": [
                "sha256:31cb35c89bd7d333cd32c5f278fca91b523b0834369e757f4c5641ea252236ca",
                "sha256:8e0f8568c118d3077b46be7d654cc8167fa916092e28320cde048e54bfc9f1e6"
            ],
            "version": "==2018.7"
        }
    },
    "develop": {}
}
